// !$*UTF8*$!
{
	archiveVersion = 1;
	classes = {
	};
	objectVersion = 51;
	objects = {

/* Begin PBXBuildFile section */
		07FAE72C2030BE754F698080 /* QuizAppDelegate.swift in Sources */ = {isa = PBXBuildFile; fileRef = 296C7102D1DE16338481D4E2 /* QuizAppDelegate.swift */; };
		3777713EC5D497B6CCBA838C /* Country.swift in Sources */ = {isa = PBXBuildFile; fileRef = 5AAB6449E691BF95C2464BFC /* Country.swift */; };
		623E0F8A402E8FFFFD3CB395 /* QuizViewController.swift in Sources */ = {isa = PBXBuildFile; fileRef = BA3951E32375990252A7A9D6 /* QuizViewController.swift */; };
		808A9C034950AE9E4D0B9FE1 /* Assets.xcassets in Resources */ = {isa = PBXBuildFile; fileRef = 9D87FF0853E82D9DD58FE101 /* Assets.xcassets */; };
		A3C359D3FB57C364E2ED0872 /* Main.storyboard in Resources */ = {isa = PBXBuildFile; fileRef = 7B74C911A1A387CC91397F8E /* Main.storyboard */; };
		BFBE1A94231A92E700E518AE /* README.md in Resources */ = {isa = PBXBuildFile; fileRef = BFBE1A93231A92E700E518AE /* README.md */; };
		CBF386E11EA81897539717CD /* LaunchScreen.storyboard in Resources */ = {isa = PBXBuildFile; fileRef = 399999498521A8C3B2D5FB50 /* LaunchScreen.storyboard */; };
/* End PBXBuildFile section */

/* Begin PBXFileReference section */
		296C7102D1DE16338481D4E2 /* QuizAppDelegate.swift */ = {isa = PBXFileReference; lastKnownFileType = sourcecode.swift; path = QuizAppDelegate.swift; sourceTree = "<group>"; };
		4F124CA11753F825FDB5797D /* Quiz.app */ = {isa = PBXFileReference; includeInIndex = 0; lastKnownFileType = wrapper.application; path = Quiz.app; sourceTree = BUILT_PRODUCTS_DIR; };
		5AAB6449E691BF95C2464BFC /* Country.swift */ = {isa = PBXFileReference; lastKnownFileType = sourcecode.swift; path = Country.swift; sourceTree = "<group>"; };
		7B74C911A1A387CC91397F8E /* Main.storyboard */ = {isa = PBXFileReference; lastKnownFileType = file.storyboard; path = Main.storyboard; sourceTree = "<group>"; };
		9D87FF0853E82D9DD58FE101 /* Assets.xcassets */ = {isa = PBXFileReference; lastKnownFileType = folder.assetcatalog; path = Assets.xcassets; sourceTree = "<group>"; };
		BA3951E32375990252A7A9D6 /* QuizViewController.swift */ = {isa = PBXFileReference; lastKnownFileType = sourcecode.swift; path = QuizViewController.swift; sourceTree = "<group>"; };
		BFBE1A93231A92E700E518AE /* README.md */ = {isa = PBXFileReference; fileEncoding = 4; lastKnownFileType = net.daringfireball.markdown; path = README.md; sourceTree = "<group>"; };
		CEEF01103DF21C3F60C6F6CC /* Info.plist */ = {isa = PBXFileReference; lastKnownFileType = text.plist.xml; path = Info.plist; sourceTree = "<group>"; };
		E0603EA76EA5DC6F5FEC1FAB /* Base */ = {isa = PBXFileReference; lastKnownFileType = file.storyboard; name = Base; path = Base.lproj/LaunchScreen.storyboard; sourceTree = "<group>"; };
/* End PBXFileReference section */

/* Begin PBXGroup section */
		08D37F7A0BE90D92581AC36A /* Products */ = {
			isa = PBXGroup;
			children = (
				4F124CA11753F825FDB5797D /* Quiz.app */,
			);
			name = Products;
			sourceTree = "<group>";
		};
		114C286C2A9313BD623D2A2E /* Model */ = {
			isa = PBXGroup;
			children = (
				5AAB6449E691BF95C2464BFC /* Country.swift */,
			);
			path = Model;
			sourceTree = "<group>";
		};
		1B5764B2C68F36B16E8BC35D /* App */ = {
			isa = PBXGroup;
			children = (
				CEEF01103DF21C3F60C6F6CC /* Info.plist */,
				296C7102D1DE16338481D4E2 /* QuizAppDelegate.swift */,
			);
			path = App;
			sourceTree = "<group>";
		};
		218A78465BFB377EFD822AB5 /* Controller */ = {
			isa = PBXGroup;
			children = (
				BA3951E32375990252A7A9D6 /* QuizViewController.swift */,
			);
			path = Controller;
			sourceTree = "<group>";
		};
		2B5A57E10CAFD52DF7596857 /* Quiz */ = {
			isa = PBXGroup;
			children = (
				1B5764B2C68F36B16E8BC35D /* App */,
				42D8A468EAD4C12556BAB31D /* Assets */,
				503384602AF9EAEFC6D52130 /* Common */,
				218A78465BFB377EFD822AB5 /* Controller */,
				114C286C2A9313BD623D2A2E /* Model */,
			);
			path = Quiz;
			sourceTree = "<group>";
		};
		42D8A468EAD4C12556BAB31D /* Assets */ = {
			isa = PBXGroup;
			children = (
				9D87FF0853E82D9DD58FE101 /* Assets.xcassets */,
				399999498521A8C3B2D5FB50 /* LaunchScreen.storyboard */,
				7B74C911A1A387CC91397F8E /* Main.storyboard */,
			);
			path = Assets;
			sourceTree = "<group>";
		};
		503384602AF9EAEFC6D52130 /* Common */ = {
			isa = PBXGroup;
			children = (
			);
			path = Common;
			sourceTree = "<group>";
		};
		C6DC6BA7B58FEF62F26CA2A0 = {
			isa = PBXGroup;
			children = (
				BFBE1A93231A92E700E518AE /* README.md */,
				2B5A57E10CAFD52DF7596857 /* Quiz */,
				08D37F7A0BE90D92581AC36A /* Products */,
			);
			sourceTree = "<group>";
		};
/* End PBXGroup section */

/* Begin PBXNativeTarget section */
		4C6D1113DBB54676F22CC396 /* Quiz */ = {
			isa = PBXNativeTarget;
			buildConfigurationList = A912C05C4B63527C1B1FED2B /* Build configuration list for PBXNativeTarget "Quiz" */;
			buildPhases = (
				97D422204C8406E5AEAC1F6B /* Sources */,
				7AB78AC484FE48DDB43D16B2 /* Resources */,
			);
			buildRules = (
			);
			dependencies = (
			);
			name = Quiz;
			productName = Quiz;
			productReference = 4F124CA11753F825FDB5797D /* Quiz.app */;
			productType = "com.apple.product-type.application";
		};
/* End PBXNativeTarget section */

/* Begin PBXProject section */
		200D48111F04B990E3B6A7EB /* Project object */ = {
			isa = PBXProject;
			attributes = {
				LastUpgradeCheck = 1020;
			};
			buildConfigurationList = 78028835041F185FDAA303BE /* Build configuration list for PBXProject "Quiz" */;
			compatibilityVersion = "Xcode 10.0";
			developmentRegion = en;
			hasScannedForEncodings = 0;
			knownRegions = (
				en,
				Base,
			);
			mainGroup = C6DC6BA7B58FEF62F26CA2A0;
			projectDirPath = "";
			projectRoot = "";
			targets = (
				4C6D1113DBB54676F22CC396 /* Quiz */,
			);
		};
/* End PBXProject section */

/* Begin PBXResourcesBuildPhase section */
		7AB78AC484FE48DDB43D16B2 /* Resources */ = {
			isa = PBXResourcesBuildPhase;
			buildActionMask = 2147483647;
			files = (
				808A9C034950AE9E4D0B9FE1 /* Assets.xcassets in Resources */,
				CBF386E11EA81897539717CD /* LaunchScreen.storyboard in Resources */,
				BFBE1A94231A92E700E518AE /* README.md in Resources */,
				A3C359D3FB57C364E2ED0872 /* Main.storyboard in Resources */,
			);
			runOnlyForDeploymentPostprocessing = 0;
		};
/* End PBXResourcesBuildPhase section */

/* Begin PBXSourcesBuildPhase section */
		97D422204C8406E5AEAC1F6B /* Sources */ = {
			isa = PBXSourcesBuildPhase;
			buildActionMask = 2147483647;
			files = (
				3777713EC5D497B6CCBA838C /* Country.swift in Sources */,
				07FAE72C2030BE754F698080 /* QuizAppDelegate.swift in Sources */,
				623E0F8A402E8FFFFD3CB395 /* QuizViewController.swift in Sources */,
			);
			runOnlyForDeploymentPostprocessing = 0;
		};
/* End PBXSourcesBuildPhase section */

/* Begin PBXVariantGroup section */
		399999498521A8C3B2D5FB50 /* LaunchScreen.storyboard */ = {
			isa = PBXVariantGroup;
			children = (
				E0603EA76EA5DC6F5FEC1FAB /* Base */,
			);
			name = LaunchScreen.storyboard;
			sourceTree = "<group>";
		};
/* End PBXVariantGroup section */

/* Begin XCBuildConfiguration section */
		4077DC01F50192B93311F187 /* Debug */ = {
			isa = XCBuildConfiguration;
			buildSettings = {
				ASSETCATALOG_COMPILER_APPICON_NAME = AppIcon;
				CODE_SIGN_IDENTITY = "iPhone Developer";
				INFOPLIST_FILE = Quiz/App/Info.plist;
				LD_RUNPATH_SEARCH_PATHS = (
					"$(inherited)",
					"@executable_path/Frameworks",
				);
				PRODUCT_BUNDLE_IDENTIFIER = com.example.Quiz;
				SDKROOT = iphoneos;
				SWIFT_VERSION = 5.0;
				TARGETED_DEVICE_FAMILY = "1,2";
			};
			name = Debug;
		};
		54C97009C287B0F5559B6E47 /* Release */ = {
			isa = XCBuildConfiguration;
			buildSettings = {
				ASSETCATALOG_COMPILER_APPICON_NAME = AppIcon;
				CODE_SIGN_IDENTITY = "iPhone Developer";
				INFOPLIST_FILE = Quiz/App/Info.plist;
				LD_RUNPATH_SEARCH_PATHS = (
					"$(inherited)",
					"@executable_path/Frameworks",
				);
				PRODUCT_BUNDLE_IDENTIFIER = com.example.Quiz;
				SDKROOT = iphoneos;
				SWIFT_VERSION = 5.0;
				TARGETED_DEVICE_FAMILY = "1,2";
			};
			name = Release;
		};
		83291A45BF44E61C6004FAB8 /* Release */ = {
			isa = XCBuildConfiguration;
			buildSettings = {
				ALWAYS_SEARCH_USER_PATHS = NO;
				CLANG_ANALYZER_NONNULL = YES;
				CLANG_ANALYZER_NUMBER_OBJECT_CONVERSION = YES_AGGRESSIVE;
				CLANG_CXX_LANGUAGE_STANDARD = "gnu++14";
				CLANG_CXX_LIBRARY = "libc++";
				CLANG_ENABLE_MODULES = YES;
				CLANG_ENABLE_OBJC_ARC = YES;
				CLANG_WARN_BLOCK_CAPTURE_AUTORELEASING = YES;
				CLANG_WARN_BOOL_CONVERSION = YES;
				CLANG_WARN_COMMA = YES;
				CLANG_WARN_CONSTANT_CONVERSION = YES;
				CLANG_WARN_DEPRECATED_OBJC_IMPLEMENTATIONS = YES;
				CLANG_WARN_DIRECT_OBJC_ISA_USAGE = YES_ERROR;
				CLANG_WARN_DOCUMENTATION_COMMENTS = YES;
				CLANG_WARN_EMPTY_BODY = YES;
				CLANG_WARN_ENUM_CONVERSION = YES;
				CLANG_WARN_INFINITE_RECURSION = YES;
				CLANG_WARN_INT_CONVERSION = YES;
				CLANG_WARN_NON_LITERAL_NULL_CONVERSION = YES;
				CLANG_WARN_OBJC_IMPLICIT_RETAIN_SELF = YES;
				CLANG_WARN_OBJC_LITERAL_CONVERSION = YES;
				CLANG_WARN_OBJC_ROOT_CLASS = YES_ERROR;
				CLANG_WARN_RANGE_LOOP_ANALYSIS = YES;
				CLANG_WARN_STRICT_PROTOTYPES = YES;
				CLANG_WARN_SUSPICIOUS_MOVE = YES;
				CLANG_WARN_UNGUARDED_AVAILABILITY = YES_AGGRESSIVE;
				CLANG_WARN_UNREACHABLE_CODE = YES;
				CLANG_WARN__DUPLICATE_METHOD_MATCH = YES;
				COPY_PHASE_STRIP = NO;
				DEBUG_INFORMATION_FORMAT = "dwarf-with-dsym";
				ENABLE_NS_ASSERTIONS = NO;
				ENABLE_STRICT_OBJC_MSGSEND = YES;
				GCC_C_LANGUAGE_STANDARD = gnu11;
				GCC_NO_COMMON_BLOCKS = YES;
				GCC_WARN_64_TO_32_BIT_CONVERSION = YES;
				GCC_WARN_ABOUT_RETURN_TYPE = YES_ERROR;
				GCC_WARN_UNDECLARED_SELECTOR = YES;
				GCC_WARN_UNINITIALIZED_AUTOS = YES_AGGRESSIVE;
				GCC_WARN_UNUSED_FUNCTION = YES;
				GCC_WARN_UNUSED_VARIABLE = YES;
				IPHONEOS_DEPLOYMENT_TARGET = 10.0;
				PRODUCT_NAME = "$(TARGET_NAME)";
				SDKROOT = iphoneos;
				SWIFT_COMPILATION_MODE = wholemodule;
				SWIFT_VERSION = 5.0;
				VALIDATE_PRODUCT = YES;
			};
			name = Release;
		};
		CDB6E484CD1E5F21108EE737 /* Debug */ = {
			isa = XCBuildConfiguration;
			buildSettings = {
				ALWAYS_SEARCH_USER_PATHS = NO;
				CLANG_ANALYZER_NONNULL = YES;
				CLANG_ANALYZER_NUMBER_OBJECT_CONVERSION = YES_AGGRESSIVE;
				CLANG_CXX_LANGUAGE_STANDARD = "gnu++14";
				CLANG_CXX_LIBRARY = "libc++";
				CLANG_ENABLE_MODULES = YES;
				CLANG_ENABLE_OBJC_ARC = YES;
				CLANG_WARN_BLOCK_CAPTURE_AUTORELEASING = YES;
				CLANG_WARN_BOOL_CONVERSION = YES;
				CLANG_WARN_COMMA = YES;
				CLANG_WARN_CONSTANT_CONVERSION = YES;
				CLANG_WARN_DEPRECATED_OBJC_IMPLEMENTATIONS = YES;
				CLANG_WARN_DIRECT_OBJC_ISA_USAGE = YES_ERROR;
				CLANG_WARN_DOCUMENTATION_COMMENTS = YES;
				CLANG_WARN_EMPTY_BODY = YES;
				CLANG_WARN_ENUM_CONVERSION = YES;
				CLANG_WARN_INFINITE_RECURSION = YES;
				CLANG_WARN_INT_CONVERSION = YES;
				CLANG_WARN_NON_LITERAL_NULL_CONVERSION = YES;
				CLANG_WARN_OBJC_IMPLICIT_RETAIN_SELF = YES;
				CLANG_WARN_OBJC_LITERAL_CONVERSION = YES;
				CLANG_WARN_OBJC_ROOT_CLASS = YES_ERROR;
				CLANG_WARN_RANGE_LOOP_ANALYSIS = YES;
				CLANG_WARN_STRICT_PROTOTYPES = YES;
				CLANG_WARN_SUSPICIOUS_MOVE = YES;
				CLANG_WARN_UNGUARDED_AVAILABILITY = YES_AGGRESSIVE;
				CLANG_WARN_UNREACHABLE_CODE = YES;
				CLANG_WARN__DUPLICATE_METHOD_MATCH = YES;
				COPY_PHASE_STRIP = NO;
				DEBUG_INFORMATION_FORMAT = dwarf;
				ENABLE_STRICT_OBJC_MSGSEND = YES;
				ENABLE_TESTABILITY = YES;
				GCC_C_LANGUAGE_STANDARD = gnu11;
				GCC_DYNAMIC_NO_PIC = NO;
				GCC_NO_COMMON_BLOCKS = YES;
				GCC_OPTIMIZATION_LEVEL = 0;
				GCC_PREPROCESSOR_DEFINITIONS = (
					"$(inherited)",
					"DEBUG=1",
				);
				GCC_WARN_64_TO_32_BIT_CONVERSION = YES;
				GCC_WARN_ABOUT_RETURN_TYPE = YES_ERROR;
				GCC_WARN_UNDECLARED_SELECTOR = YES;
				GCC_WARN_UNINITIALIZED_AUTOS = YES_AGGRESSIVE;
				GCC_WARN_UNUSED_FUNCTION = YES;
				GCC_WARN_UNUSED_VARIABLE = YES;
				IPHONEOS_DEPLOYMENT_TARGET = 10.0;
				MTL_ENABLE_DEBUG_INFO = YES;
				ONLY_ACTIVE_ARCH = YES;
				PRODUCT_NAME = "$(TARGET_NAME)";
				SDKROOT = iphoneos;
				SWIFT_ACTIVE_COMPILATION_CONDITIONS = DEBUG;
				SWIFT_OPTIMIZATION_LEVEL = "-Onone";
				SWIFT_VERSION = 5.0;
			};
			name = Debug;
		};
/* End XCBuildConfiguration section */

/* Begin XCConfigurationList section */
		78028835041F185FDAA303BE /* Build configuration list for PBXProject "Quiz" */ = {
			isa = XCConfigurationList;
			buildConfigurations = (
				CDB6E484CD1E5F21108EE737 /* Debug */,
				83291A45BF44E61C6004FAB8 /* Release */,
			);
			defaultConfigurationIsVisible = 0;
			defaultConfigurationName = Debug;
		};
		A912C05C4B63527C1B1FED2B /* Build configuration list for PBXNativeTarget "Quiz" */ = {
			isa = XCConfigurationList;
			buildConfigurations = (
				4077DC01F50192B93311F187 /* Debug */,
				54C97009C287B0F5559B6E47 /* Release */,
			);
			defaultConfigurationIsVisible = 0;
			defaultConfigurationName = "";
		};
/* End XCConfigurationList section */
	};
	rootObject = 200D48111F04B990E3B6A7EB /* Project object */;
}
